
Microsoft Visual Studio Solution File, Format Version 12.00
# Visual Studio Version 16
VisualStudioVersion = 16.0.31624.102
MinimumVisualStudioVersion = 10.0.40219.1
Project("{FAE04EC0-301F-11D3-BF4B-00C04F79EFBC}") = "helloC", "helloC.csproj", "{B12E9973-118A-4363-ADD1-27473A3BCBDB}"
EndProject
Global
	GlobalSection(SolutionConfigurationPlatforms) = preSolution
		Debug|Any CPU = Debug|Any CPU
		Release|Any CPU = Release|Any CPU
	EndGlobalSection
	GlobalSection(ProjectConfigurationPlatforms) = postSolution
		{B12E9973-118A-4363-ADD1-27473A3BCBDB}.Debug|Any CPU.ActiveCfg = Debug|Any CPU
		{B12E9973-118A-4363-ADD1-27473A3BCBDB}.Debug|Any CPU.Build.0 = Debug|Any CPU
		{B12E9973-118A-4363-ADD1-27473A3BCBDB}.Release|Any CPU.ActiveCfg = Release|Any CPU
		{B12E9973-118A-4363-ADD1-27473A3BCBDB}.Release|Any CPU.Build.0 = Release|Any CPU
	EndGlobalSection
	GlobalSection(SolutionProperties) = preSolution
		HideSolutionNode = FALSE
	EndGlobalSection
	GlobalSection(ExtensibilityGlobals) = postSolution
		SolutionGuid = {4984CE71-1640-4DB9-AF94-E5E9D821FDEF}
	EndGlobalSection
EndGlobal
